using System;
using System.Collections.Generic;
using System.Linq;
using System.Text;
using System.Threading.Tasks;

namespace Test1
{
    namespace Lab6_OOP
    {
        class Program
        {
            static void СocktailSort(int[] arr)
            {
                bool swapped = true;
                int start = 0;
                int end = arr.Length;

                while (swapped == true)
                {
                    swapped = false;

                    for (int i = start; i < end - 1; ++i)
                    {
                        if (arr[i] > arr[i + 1])
                        {
                            int temp = arr[i];
                            arr[i] = arr[i + 1];
                            arr[i + 1] = temp;
                            swapped = true;
                        }
                    }

                    if (swapped == false)
                        break;

                    swapped = false;
                    end = end - 1;
                    for (int i = end - 1; i >= start; i--)
                    {
                        if (arr[i] > arr[i + 1])
                        {
                            int temp = arr[i];
                            arr[i] = arr[i + 1];
                            arr[i + 1] = temp;
                            swapped = true;
                        }
                    }
                    start = start + 1;
                    

                }
                foreach (var n in arr)
                    {
                        Console.Write(n + " ");
                    }
            }

            static void Main(string[] args)
            {
                Console.WriteLine("Enter lenth of array: ");
                var n = Console.ReadLine();
                int N = int.Parse(n);
                int[] array = new int[N];
                var rand = new Random();
                for (var i = 0; i < array.Length; i++)
                    array[i] = rand.Next(0, 101);
                Console.Write("Generated array: ");
                foreach (var a in array)
                {
                    Console.Write(a + " ");
                }
                Console.Write("\n");
                Console.Write("Sorted array by CocktailSort method: ");
                СocktailSort(array);
                Console.ReadKey();
            }
        }
    }
}

